
Microsoft Visual Studio Solution File, Format Version 12.00
# Visual Studio 15
VisualStudioVersion = 15.0.26730.10
MinimumVisualStudioVersion = 10.0.40219.1
Project("{2150E333-8FDC-42A3-9474-1A3956D46DE8}") = "AA.Core", "AA.Core", "{C0DC1215-3655-4EBB-B55C-5A047B44D731}"
EndProject
Project("{9A19103F-16F7-4668-BE54-9A1E7A4F7556}") = "AA.Core.Identity", "src\AA.Core\AA.Core.Identity\AA.Core.Identity.csproj", "{31F15104-4527-48CB-85C6-4337D5BFCEC5}"
EndProject
Project("{2150E333-8FDC-42A3-9474-1A3956D46DE8}") = "AA.Windows", "AA.Windows", "{0F87CD86-7748-4CA7-8AC6-3184E1EF95DC}"
EndProject
Project("{2150E333-8FDC-42A3-9474-1A3956D46DE8}") = "AA.Linux", "AA.Linux", "{844A3C64-AB48-49AA-81E1-9234F38AEB67}"
EndProject
Project("{9A19103F-16F7-4668-BE54-9A1E7A4F7556}") = "AA.Linux.IdentityKeyGen", "src\AA.Linux\AA.Linux.IdentityKeyGen\AA.Linux.IdentityKeyGen.csproj", "{F1409B10-2D2E-40C3-86E6-58292F8D5723}"
EndProject
Project("{9A19103F-16F7-4668-BE54-9A1E7A4F7556}") = "AA.Linux.IdentityApp", "src\AA.Linux\AA.Linux.IdentityApp\AA.Linux.IdentityApp.csproj", "{A4B833BA-3B53-41B9-B1D7-6BDE73BB44B8}"
EndProject
Project("{2150E333-8FDC-42A3-9474-1A3956D46DE8}") = "AA.WindowsSetup", "AA.WindowsSetup", "{086794E5-960D-423C-BF34-BBE49D504F94}"
EndProject
Project("{FAE04EC0-301F-11D3-BF4B-00C04F79EFBC}") = "AA.WindowsSetup.CustomAction", "src\AA.WindowsSetup\AA.WindowsSetup.CustomAction\AA.WindowsSetup.CustomAction.csproj", "{505E7A2F-2490-429F-A1BF-417BCF975AF5}"
EndProject
Project("{930C7802-8A8C-48F9-8165-68863BCCD9DD}") = "AA.WindowsSetup.Setup", "src\AA.WindowsSetup\AA.WindowsSetup.Setup\AA.WindowsSetup.Setup.wixproj", "{CF06550F-0054-4F0E-84EF-4CBB31CF4AF5}"
EndProject
Project("{9A19103F-16F7-4668-BE54-9A1E7A4F7556}") = "AA.Core.Common", "src\AA.Core\AA.Core.Common\AA.Core.Common.csproj", "{807434A3-6A10-4228-86D4-CBC6A71CDA0A}"
EndProject
Project("{FAE04EC0-301F-11D3-BF4B-00C04F79EFBC}") = "AA.Windows.IdentityApp", "src\AA.Windows\AA.Windows.IdentityApp\AA.Windows.IdentityApp.csproj", "{ED5E9531-0C04-4AA0-80C4-63AE58A70EDE}"
EndProject
Project("{FAE04EC0-301F-11D3-BF4B-00C04F79EFBC}") = "AA.Windows.IdentityKeyGen", "src\AA.Windows\AA.Windows.IdentityKeyGen\AA.Windows.IdentityKeyGen.csproj", "{225AB907-4B2A-4178-9622-1BDF2778E7CA}"
EndProject
Global
	GlobalSection(SolutionConfigurationPlatforms) = preSolution
		Debug|Any CPU = Debug|Any CPU
		Debug|x64 = Debug|x64
		Debug|x86 = Debug|x86
		Release|Any CPU = Release|Any CPU
		Release|x64 = Release|x64
		Release|x86 = Release|x86
	EndGlobalSection
	GlobalSection(ProjectConfigurationPlatforms) = postSolution
		{31F15104-4527-48CB-85C6-4337D5BFCEC5}.Debug|Any CPU.ActiveCfg = Debug|x64
		{31F15104-4527-48CB-85C6-4337D5BFCEC5}.Debug|Any CPU.Build.0 = Debug|x64
		{31F15104-4527-48CB-85C6-4337D5BFCEC5}.Debug|x64.ActiveCfg = Debug|x64
		{31F15104-4527-48CB-85C6-4337D5BFCEC5}.Debug|x64.Build.0 = Debug|x64
		{31F15104-4527-48CB-85C6-4337D5BFCEC5}.Debug|x86.ActiveCfg = Debug|x86
		{31F15104-4527-48CB-85C6-4337D5BFCEC5}.Debug|x86.Build.0 = Debug|x86
		{31F15104-4527-48CB-85C6-4337D5BFCEC5}.Release|Any CPU.ActiveCfg = Release|Any CPU
		{31F15104-4527-48CB-85C6-4337D5BFCEC5}.Release|Any CPU.Build.0 = Release|Any CPU
		{31F15104-4527-48CB-85C6-4337D5BFCEC5}.Release|x64.ActiveCfg = Release|x64
		{31F15104-4527-48CB-85C6-4337D5BFCEC5}.Release|x64.Build.0 = Release|x64
		{31F15104-4527-48CB-85C6-4337D5BFCEC5}.Release|x86.ActiveCfg = Release|x86
		{31F15104-4527-48CB-85C6-4337D5BFCEC5}.Release|x86.Build.0 = Release|x86
		{F1409B10-2D2E-40C3-86E6-58292F8D5723}.Debug|Any CPU.ActiveCfg = Debug|x64
		{F1409B10-2D2E-40C3-86E6-58292F8D5723}.Debug|Any CPU.Build.0 = Debug|x64
		{F1409B10-2D2E-40C3-86E6-58292F8D5723}.Debug|x64.ActiveCfg = Debug|x64
		{F1409B10-2D2E-40C3-86E6-58292F8D5723}.Debug|x64.Build.0 = Debug|x64
		{F1409B10-2D2E-40C3-86E6-58292F8D5723}.Debug|x86.ActiveCfg = Debug|x86
		{F1409B10-2D2E-40C3-86E6-58292F8D5723}.Debug|x86.Build.0 = Debug|x86
		{F1409B10-2D2E-40C3-86E6-58292F8D5723}.Release|Any CPU.ActiveCfg = Release|Any CPU
		{F1409B10-2D2E-40C3-86E6-58292F8D5723}.Release|Any CPU.Build.0 = Release|Any CPU
		{F1409B10-2D2E-40C3-86E6-58292F8D5723}.Release|x64.ActiveCfg = Release|x64
		{F1409B10-2D2E-40C3-86E6-58292F8D5723}.Release|x64.Build.0 = Release|x64
		{F1409B10-2D2E-40C3-86E6-58292F8D5723}.Release|x86.ActiveCfg = Release|x86
		{F1409B10-2D2E-40C3-86E6-58292F8D5723}.Release|x86.Build.0 = Release|x86
		{A4B833BA-3B53-41B9-B1D7-6BDE73BB44B8}.Debug|Any CPU.ActiveCfg = Debug|x64
		{A4B833BA-3B53-41B9-B1D7-6BDE73BB44B8}.Debug|Any CPU.Build.0 = Debug|x64
		{A4B833BA-3B53-41B9-B1D7-6BDE73BB44B8}.Debug|x64.ActiveCfg = Debug|x64
		{A4B833BA-3B53-41B9-B1D7-6BDE73BB44B8}.Debug|x64.Build.0 = Debug|x64
		{A4B833BA-3B53-41B9-B1D7-6BDE73BB44B8}.Debug|x86.ActiveCfg = Debug|x86
		{A4B833BA-3B53-41B9-B1D7-6BDE73BB44B8}.Debug|x86.Build.0 = Debug|x86
		{A4B833BA-3B53-41B9-B1D7-6BDE73BB44B8}.Release|Any CPU.ActiveCfg = Release|Any CPU
		{A4B833BA-3B53-41B9-B1D7-6BDE73BB44B8}.Release|Any CPU.Build.0 = Release|Any CPU
		{A4B833BA-3B53-41B9-B1D7-6BDE73BB44B8}.Release|x64.ActiveCfg = Release|x64
		{A4B833BA-3B53-41B9-B1D7-6BDE73BB44B8}.Release|x64.Build.0 = Release|x64
		{A4B833BA-3B53-41B9-B1D7-6BDE73BB44B8}.Release|x86.ActiveCfg = Release|x86
		{A4B833BA-3B53-41B9-B1D7-6BDE73BB44B8}.Release|x86.Build.0 = Release|x86
		{505E7A2F-2490-429F-A1BF-417BCF975AF5}.Debug|Any CPU.ActiveCfg = Debug|x64
		{505E7A2F-2490-429F-A1BF-417BCF975AF5}.Debug|Any CPU.Build.0 = Debug|x64
		{505E7A2F-2490-429F-A1BF-417BCF975AF5}.Debug|x64.ActiveCfg = Debug|x64
		{505E7A2F-2490-429F-A1BF-417BCF975AF5}.Debug|x64.Build.0 = Debug|x64
		{505E7A2F-2490-429F-A1BF-417BCF975AF5}.Debug|x86.ActiveCfg = Debug|x86
		{505E7A2F-2490-429F-A1BF-417BCF975AF5}.Debug|x86.Build.0 = Debug|x86
		{505E7A2F-2490-429F-A1BF-417BCF975AF5}.Release|Any CPU.ActiveCfg = Release|x86
		{505E7A2F-2490-429F-A1BF-417BCF975AF5}.Release|x64.ActiveCfg = Release|x64
		{505E7A2F-2490-429F-A1BF-417BCF975AF5}.Release|x64.Build.0 = Release|x64
		{505E7A2F-2490-429F-A1BF-417BCF975AF5}.Release|x86.ActiveCfg = Release|x86
		{505E7A2F-2490-429F-A1BF-417BCF975AF5}.Release|x86.Build.0 = Release|x86
		{CF06550F-0054-4F0E-84EF-4CBB31CF4AF5}.Debug|Any CPU.ActiveCfg = Debug|x64
		{CF06550F-0054-4F0E-84EF-4CBB31CF4AF5}.Debug|Any CPU.Build.0 = Debug|x64
		{CF06550F-0054-4F0E-84EF-4CBB31CF4AF5}.Debug|x64.ActiveCfg = Debug|x64
		{CF06550F-0054-4F0E-84EF-4CBB31CF4AF5}.Debug|x64.Build.0 = Debug|x64
		{CF06550F-0054-4F0E-84EF-4CBB31CF4AF5}.Debug|x86.ActiveCfg = Debug|x86
		{CF06550F-0054-4F0E-84EF-4CBB31CF4AF5}.Debug|x86.Build.0 = Debug|x86
		{CF06550F-0054-4F0E-84EF-4CBB31CF4AF5}.Release|Any CPU.ActiveCfg = Release|x86
		{CF06550F-0054-4F0E-84EF-4CBB31CF4AF5}.Release|x64.ActiveCfg = Release|x64
		{CF06550F-0054-4F0E-84EF-4CBB31CF4AF5}.Release|x64.Build.0 = Release|x64
		{CF06550F-0054-4F0E-84EF-4CBB31CF4AF5}.Release|x86.ActiveCfg = Release|x86
		{CF06550F-0054-4F0E-84EF-4CBB31CF4AF5}.Release|x86.Build.0 = Release|x86
		{807434A3-6A10-4228-86D4-CBC6A71CDA0A}.Debug|Any CPU.ActiveCfg = Debug|Any CPU
		{807434A3-6A10-4228-86D4-CBC6A71CDA0A}.Debug|Any CPU.Build.0 = Debug|Any CPU
		{807434A3-6A10-4228-86D4-CBC6A71CDA0A}.Debug|x64.ActiveCfg = Debug|x64
		{807434A3-6A10-4228-86D4-CBC6A71CDA0A}.Debug|x64.Build.0 = Debug|x64
		{807434A3-6A10-4228-86D4-CBC6A71CDA0A}.Debug|x86.ActiveCfg = Debug|x86
		{807434A3-6A10-4228-86D4-CBC6A71CDA0A}.Debug|x86.Build.0 = Debug|x86
		{807434A3-6A10-4228-86D4-CBC6A71CDA0A}.Release|Any CPU.ActiveCfg = Release|Any CPU
		{807434A3-6A10-4228-86D4-CBC6A71CDA0A}.Release|Any CPU.Build.0 = Release|Any CPU
		{807434A3-6A10-4228-86D4-CBC6A71CDA0A}.Release|x64.ActiveCfg = Release|x64
		{807434A3-6A10-4228-86D4-CBC6A71CDA0A}.Release|x64.Build.0 = Release|x64
		{807434A3-6A10-4228-86D4-CBC6A71CDA0A}.Release|x86.ActiveCfg = Release|x86
		{807434A3-6A10-4228-86D4-CBC6A71CDA0A}.Release|x86.Build.0 = Release|x86
		{ED5E9531-0C04-4AA0-80C4-63AE58A70EDE}.Debug|Any CPU.ActiveCfg = Debug|Any CPU
		{ED5E9531-0C04-4AA0-80C4-63AE58A70EDE}.Debug|Any CPU.Build.0 = Debug|Any CPU
		{ED5E9531-0C04-4AA0-80C4-63AE58A70EDE}.Debug|x64.ActiveCfg = Debug|x64
		{ED5E9531-0C04-4AA0-80C4-63AE58A70EDE}.Debug|x64.Build.0 = Debug|x64
		{ED5E9531-0C04-4AA0-80C4-63AE58A70EDE}.Debug|x86.ActiveCfg = Debug|x86
		{ED5E9531-0C04-4AA0-80C4-63AE58A70EDE}.Debug|x86.Build.0 = Debug|x86
		{ED5E9531-0C04-4AA0-80C4-63AE58A70EDE}.Release|Any CPU.ActiveCfg = Release|Any CPU
		{ED5E9531-0C04-4AA0-80C4-63AE58A70EDE}.Release|Any CPU.Build.0 = Release|Any CPU
		{ED5E9531-0C04-4AA0-80C4-63AE58A70EDE}.Release|x64.ActiveCfg = Release|x64
		{ED5E9531-0C04-4AA0-80C4-63AE58A70EDE}.Release|x64.Build.0 = Release|x64
		{ED5E9531-0C04-4AA0-80C4-63AE58A70EDE}.Release|x86.ActiveCfg = Release|x86
		{ED5E9531-0C04-4AA0-80C4-63AE58A70EDE}.Release|x86.Build.0 = Release|x86
		{225AB907-4B2A-4178-9622-1BDF2778E7CA}.Debug|Any CPU.ActiveCfg = Debug|Any CPU
		{225AB907-4B2A-4178-9622-1BDF2778E7CA}.Debug|Any CPU.Build.0 = Debug|Any CPU
		{225AB907-4B2A-4178-9622-1BDF2778E7CA}.Debug|x64.ActiveCfg = Debug|x64
		{225AB907-4B2A-4178-9622-1BDF2778E7CA}.Debug|x64.Build.0 = Debug|x64
		{225AB907-4B2A-4178-9622-1BDF2778E7CA}.Debug|x86.ActiveCfg = Debug|x86
		{225AB907-4B2A-4178-9622-1BDF2778E7CA}.Debug|x86.Build.0 = Debug|x86
		{225AB907-4B2A-4178-9622-1BDF2778E7CA}.Release|Any CPU.ActiveCfg = Release|Any CPU
		{225AB907-4B2A-4178-9622-1BDF2778E7CA}.Release|Any CPU.Build.0 = Release|Any CPU
		{225AB907-4B2A-4178-9622-1BDF2778E7CA}.Release|x64.ActiveCfg = Release|x64
		{225AB907-4B2A-4178-9622-1BDF2778E7CA}.Release|x64.Build.0 = Release|x64
		{225AB907-4B2A-4178-9622-1BDF2778E7CA}.Release|x86.ActiveCfg = Release|x86
		{225AB907-4B2A-4178-9622-1BDF2778E7CA}.Release|x86.Build.0 = Release|x86
	EndGlobalSection
	GlobalSection(SolutionProperties) = preSolution
		HideSolutionNode = FALSE
	EndGlobalSection
	GlobalSection(NestedProjects) = preSolution
		{31F15104-4527-48CB-85C6-4337D5BFCEC5} = {C0DC1215-3655-4EBB-B55C-5A047B44D731}
		{F1409B10-2D2E-40C3-86E6-58292F8D5723} = {844A3C64-AB48-49AA-81E1-9234F38AEB67}
		{A4B833BA-3B53-41B9-B1D7-6BDE73BB44B8} = {844A3C64-AB48-49AA-81E1-9234F38AEB67}
		{505E7A2F-2490-429F-A1BF-417BCF975AF5} = {086794E5-960D-423C-BF34-BBE49D504F94}
		{CF06550F-0054-4F0E-84EF-4CBB31CF4AF5} = {086794E5-960D-423C-BF34-BBE49D504F94}
		{807434A3-6A10-4228-86D4-CBC6A71CDA0A} = {C0DC1215-3655-4EBB-B55C-5A047B44D731}
		{ED5E9531-0C04-4AA0-80C4-63AE58A70EDE} = {0F87CD86-7748-4CA7-8AC6-3184E1EF95DC}
		{225AB907-4B2A-4178-9622-1BDF2778E7CA} = {0F87CD86-7748-4CA7-8AC6-3184E1EF95DC}
	EndGlobalSection
	GlobalSection(ExtensibilityGlobals) = postSolution
		SolutionGuid = {68CAC9F5-50D4-4743-9EAC-73C8FCE49DB4}
	EndGlobalSection
EndGlobal
